
Microsoft Visual Studio Solution File, Format Version 12.00
# Visual Studio Version 18
VisualStudioVersion = 18.3.11408.92 d18.3
MinimumVisualStudioVersion = 10.0.40219.1
Project("{E24C65DC-7377-472B-9ABA-BC803B73C61A}") = "AutoserviziCrosina", ".", "{5F0583E5-B439-D390-7358-42C5F4AF55A5}"
	ProjectSection(WebsiteProperties) = preProject
		TargetFrameworkMoniker = ".NETFramework,Version%3Dv4.8.1"
		Debug.AspNetCompiler.VirtualPath = "/localhost_59405"
		Debug.AspNetCompiler.PhysicalPath = "P:\AutoserviziCrosina\"
		Debug.AspNetCompiler.TargetPath = "PrecompiledWeb\localhost_59405\"
		Debug.AspNetCompiler.Updateable = "true"
		Debug.AspNetCompiler.ForceOverwrite = "true"
		Debug.AspNetCompiler.FixedNames = "false"
		Debug.AspNetCompiler.Debug = "True"
		Release.AspNetCompiler.VirtualPath = "/localhost_59405"
		Release.AspNetCompiler.PhysicalPath = "P:\AutoserviziCrosina\"
		Release.AspNetCompiler.TargetPath = "PrecompiledWeb\localhost_59405\"
		Release.AspNetCompiler.Updateable = "true"
		Release.AspNetCompiler.ForceOverwrite = "true"
		Release.AspNetCompiler.FixedNames = "false"
		Release.AspNetCompiler.Debug = "False"
		VWDPort = "59405"
	EndProjectSection
EndProject
Project("{2150E333-8FDC-42A3-9474-1A3956D46DE8}") = "Solution Items", "Solution Items", "{2C28243A-6115-4842-8533-0A7DDE29BFEC}"
EndProject
Global
	GlobalSection(SolutionConfigurationPlatforms) = preSolution
		Debug|Any CPU = Debug|Any CPU
	EndGlobalSection
	GlobalSection(ProjectConfigurationPlatforms) = postSolution
		{5F0583E5-B439-D390-7358-42C5F4AF55A5}.Debug|Any CPU.ActiveCfg = Debug|Any CPU
		{5F0583E5-B439-D390-7358-42C5F4AF55A5}.Debug|Any CPU.Build.0 = Debug|Any CPU
	EndGlobalSection
	GlobalSection(SolutionProperties) = preSolution
		HideSolutionNode = FALSE
	EndGlobalSection
	GlobalSection(ExtensibilityGlobals) = postSolution
		SolutionGuid = {F189F93C-DD3A-46FC-9FA9-5107D912C0A9}
	EndGlobalSection
EndGlobal
